{
  "pins" : [
    {
      "identity" : "cocoalumberjack",
      "kind" : "remoteSourceControl",
      "location" : "https://github.com/CocoaLumberjack/CocoaLumberjack.git",
      "state" : {
        "revision" : "67ec5818a757aba4d7c534e21a905d878d128dbf",
        "version" : "3.8.1"
      }
    },
    {
      "identity" : "kingfisher",
      "kind" : "remoteSourceControl",
      "location" : "https://github.com/onevcat/Kingfisher",
      "state" : {
        "revision" : "b6f62758f21a8c03cd64f4009c037cfa580a256e",
        "version" : "7.9.1"
      }
    },
    {
      "identity" : "modernribs",
      "kind" : "remoteSourceControl",
      "location" : "https://github.com/DevYeom/ModernRIBs",
      "state" : {
        "revision" : "8884514a2b98e98dd381f941054a5cbb275eaaf2",
        "version" : "1.0.2"
      }
    },
    {
      "identity" : "swift-log",
      "kind" : "remoteSourceControl",
      "location" : "https://github.com/apple/swift-log.git",
      "state" : {
        "revision" : "532d8b529501fb73a2455b179e0bbb6d49b652ed",
        "version" : "1.5.3"
      }
    }
  ],
  "version" : 2
}
